
Microsoft Visual Studio Solution File, Format Version 12.00
# Visual Studio Version 16
VisualStudioVersion = 16.0.810.14
MinimumVisualStudioVersion = 10.0.40219.1
Project("{F2A71F9B-5D33-465A-A702-920D77279786}") = "rest-api-boilerplate-1", "rest-api-boilerplate-1\rest-api-boilerplate-1.fsproj", "{13834BD9-024A-4679-B817-FC3651066715}"
EndProject
Global
	GlobalSection(SolutionConfigurationPlatforms) = preSolution
		Debug|Any CPU = Debug|Any CPU
		Release|Any CPU = Release|Any CPU
	EndGlobalSection
	GlobalSection(ProjectConfigurationPlatforms) = postSolution
		{13834BD9-024A-4679-B817-FC3651066715}.Debug|Any CPU.ActiveCfg = Debug|Any CPU
		{13834BD9-024A-4679-B817-FC3651066715}.Debug|Any CPU.Build.0 = Debug|Any CPU
		{13834BD9-024A-4679-B817-FC3651066715}.Release|Any CPU.ActiveCfg = Release|Any CPU
		{13834BD9-024A-4679-B817-FC3651066715}.Release|Any CPU.Build.0 = Release|Any CPU
	EndGlobalSection
	GlobalSection(SolutionProperties) = preSolution
		HideSolutionNode = FALSE
	EndGlobalSection
	GlobalSection(ExtensibilityGlobals) = postSolution
		SolutionGuid = {AE0779EA-A046-4ADB-8812-6565CA742872}
	EndGlobalSection
EndGlobal
